// !$*UTF8*$!
{
	archiveVersion = 1;
	classes = {
	};
	objectVersion = 56;
	objects = {

/* Begin PBXBuildFile section */
		91BDB3A92C25673000B70274 /* HikeAppApp.swift in Sources */ = {isa = PBXBuildFile; fileRef = 91BDB3A82C25673000B70274 /* HikeAppApp.swift */; };
		91BDB3AB2C25673000B70274 /* ContentView.swift in Sources */ = {isa = PBXBuildFile; fileRef = 91BDB3AA2C25673000B70274 /* ContentView.swift */; };
		91BDB3AD2C25673100B70274 /* Assets.xcassets in Resources */ = {isa = PBXBuildFile; fileRef = 91BDB3AC2C25673100B70274 /* Assets.xcassets */; };
		91BDB3B02C25673100B70274 /* Preview Assets.xcassets in Resources */ = {isa = PBXBuildFile; fileRef = 91BDB3AF2C25673100B70274 /* Preview Assets.xcassets */; };
		91BDB3B72C256F4500B70274 /* CardView.swift in Sources */ = {isa = PBXBuildFile; fileRef = 91BDB3B62C256F4500B70274 /* CardView.swift */; };
		91BDB3BA2C25728500B70274 /* CustomBackgroundView.swift in Sources */ = {isa = PBXBuildFile; fileRef = 91BDB3B92C25728500B70274 /* CustomBackgroundView.swift */; };
		91BDB3BD2C25759D00B70274 /* ColorExtension.swift in Sources */ = {isa = PBXBuildFile; fileRef = 91BDB3BC2C25759D00B70274 /* ColorExtension.swift */; };
		91BDB3BF2C25AB7600B70274 /* CustomButtonView.swift in Sources */ = {isa = PBXBuildFile; fileRef = 91BDB3BE2C25AB7600B70274 /* CustomButtonView.swift */; };
		91BDB3C12C26A24E00B70274 /* GradientButtonStyle.swift in Sources */ = {isa = PBXBuildFile; fileRef = 91BDB3C02C26A24E00B70274 /* GradientButtonStyle.swift */; };
		91BDB3C32C26C3F800B70274 /* CustomCircleView.swift in Sources */ = {isa = PBXBuildFile; fileRef = 91BDB3C22C26C3F800B70274 /* CustomCircleView.swift */; };
		91BDB3C52C26CA4100B70274 /* MotionAnimationView.swift in Sources */ = {isa = PBXBuildFile; fileRef = 91BDB3C42C26CA4100B70274 /* MotionAnimationView.swift */; };
		91BDB3C82C26D4C500B70274 /* SettingsView.swift in Sources */ = {isa = PBXBuildFile; fileRef = 91BDB3C72C26D4C500B70274 /* SettingsView.swift */; };
		91BDB3CA2C26DDB800B70274 /* CustomListRowView.swift in Sources */ = {isa = PBXBuildFile; fileRef = 91BDB3C92C26DDB800B70274 /* CustomListRowView.swift */; };
/* End PBXBuildFile section */

/* Begin PBXFileReference section */
		91BDB3A52C25673000B70274 /* HikeApp.app */ = {isa = PBXFileReference; explicitFileType = wrapper.application; includeInIndex = 0; path = HikeApp.app; sourceTree = BUILT_PRODUCTS_DIR; };
		91BDB3A82C25673000B70274 /* HikeAppApp.swift */ = {isa = PBXFileReference; lastKnownFileType = sourcecode.swift; path = HikeAppApp.swift; sourceTree = "<group>"; };
		91BDB3AA2C25673000B70274 /* ContentView.swift */ = {isa = PBXFileReference; lastKnownFileType = sourcecode.swift; path = ContentView.swift; sourceTree = "<group>"; };
		91BDB3AC2C25673100B70274 /* Assets.xcassets */ = {isa = PBXFileReference; lastKnownFileType = folder.assetcatalog; path = Assets.xcassets; sourceTree = "<group>"; };
		91BDB3AF2C25673100B70274 /* Preview Assets.xcassets */ = {isa = PBXFileReference; lastKnownFileType = folder.assetcatalog; path = "Preview Assets.xcassets"; sourceTree = "<group>"; };
		91BDB3B62C256F4500B70274 /* CardView.swift */ = {isa = PBXFileReference; lastKnownFileType = sourcecode.swift; path = CardView.swift; sourceTree = "<group>"; };
		91BDB3B92C25728500B70274 /* CustomBackgroundView.swift */ = {isa = PBXFileReference; lastKnownFileType = sourcecode.swift; path = CustomBackgroundView.swift; sourceTree = "<group>"; };
		91BDB3BC2C25759D00B70274 /* ColorExtension.swift */ = {isa = PBXFileReference; lastKnownFileType = sourcecode.swift; path = ColorExtension.swift; sourceTree = "<group>"; };
		91BDB3BE2C25AB7600B70274 /* CustomButtonView.swift */ = {isa = PBXFileReference; lastKnownFileType = sourcecode.swift; path = CustomButtonView.swift; sourceTree = "<group>"; };
		91BDB3C02C26A24E00B70274 /* GradientButtonStyle.swift */ = {isa = PBXFileReference; lastKnownFileType = sourcecode.swift; path = GradientButtonStyle.swift; sourceTree = "<group>"; };
		91BDB3C22C26C3F800B70274 /* CustomCircleView.swift */ = {isa = PBXFileReference; lastKnownFileType = sourcecode.swift; path = CustomCircleView.swift; sourceTree = "<group>"; };
		91BDB3C42C26CA4100B70274 /* MotionAnimationView.swift */ = {isa = PBXFileReference; lastKnownFileType = sourcecode.swift; path = MotionAnimationView.swift; sourceTree = "<group>"; };
		91BDB3C72C26D4C500B70274 /* SettingsView.swift */ = {isa = PBXFileReference; lastKnownFileType = sourcecode.swift; path = SettingsView.swift; sourceTree = "<group>"; };
		91BDB3C92C26DDB800B70274 /* CustomListRowView.swift */ = {isa = PBXFileReference; lastKnownFileType = sourcecode.swift; path = CustomListRowView.swift; sourceTree = "<group>"; };
/* End PBXFileReference section */

/* Begin PBXFrameworksBuildPhase section */
		91BDB3A22C25673000B70274 /* Frameworks */ = {
			isa = PBXFrameworksBuildPhase;
			buildActionMask = 2147483647;
			files = (
			);
			runOnlyForDeploymentPostprocessing = 0;
		};
/* End PBXFrameworksBuildPhase section */

/* Begin PBXGroup section */
		91BDB39C2C25673000B70274 = {
			isa = PBXGroup;
			children = (
				91BDB3A72C25673000B70274 /* HikeApp */,
				91BDB3A62C25673000B70274 /* Products */,
			);
			sourceTree = "<group>";
		};
		91BDB3A62C25673000B70274 /* Products */ = {
			isa = PBXGroup;
			children = (
				91BDB3A52C25673000B70274 /* HikeApp.app */,
			);
			name = Products;
			sourceTree = "<group>";
		};
		91BDB3A72C25673000B70274 /* HikeApp */ = {
			isa = PBXGroup;
			children = (
				91BDB3BB2C25754700B70274 /* Utility */,
				91BDB3B82C25722A00B70274 /* Component */,
				91BDB3A82C25673000B70274 /* HikeAppApp.swift */,
				91BDB3C62C26D48600B70274 /* Screen */,
				91BDB3AC2C25673100B70274 /* Assets.xcassets */,
				91BDB3AE2C25673100B70274 /* Preview Content */,
			);
			path = HikeApp;
			sourceTree = "<group>";
		};
		91BDB3AE2C25673100B70274 /* Preview Content */ = {
			isa = PBXGroup;
			children = (
				91BDB3AF2C25673100B70274 /* Preview Assets.xcassets */,
			);
			path = "Preview Content";
			sourceTree = "<group>";
		};
		91BDB3B82C25722A00B70274 /* Component */ = {
			isa = PBXGroup;
			children = (
				91BDB3B62C256F4500B70274 /* CardView.swift */,
				91BDB3B92C25728500B70274 /* CustomBackgroundView.swift */,
				91BDB3BE2C25AB7600B70274 /* CustomButtonView.swift */,
				91BDB3C22C26C3F800B70274 /* CustomCircleView.swift */,
				91BDB3C42C26CA4100B70274 /* MotionAnimationView.swift */,
				91BDB3C92C26DDB800B70274 /* CustomListRowView.swift */,
			);
			path = Component;
			sourceTree = "<group>";
		};
		91BDB3BB2C25754700B70274 /* Utility */ = {
			isa = PBXGroup;
			children = (
				91BDB3BC2C25759D00B70274 /* ColorExtension.swift */,
				91BDB3C02C26A24E00B70274 /* GradientButtonStyle.swift */,
			);
			path = Utility;
			sourceTree = "<group>";
		};
		91BDB3C62C26D48600B70274 /* Screen */ = {
			isa = PBXGroup;
			children = (
				91BDB3AA2C25673000B70274 /* ContentView.swift */,
				91BDB3C72C26D4C500B70274 /* SettingsView.swift */,
			);
			path = Screen;
			sourceTree = "<group>";
		};
/* End PBXGroup section */

/* Begin PBXNativeTarget section */
		91BDB3A42C25673000B70274 /* HikeApp */ = {
			isa = PBXNativeTarget;
			buildConfigurationList = 91BDB3B32C25673100B70274 /* Build configuration list for PBXNativeTarget "HikeApp" */;
			buildPhases = (
				91BDB3A12C25673000B70274 /* Sources */,
				91BDB3A22C25673000B70274 /* Frameworks */,
				91BDB3A32C25673000B70274 /* Resources */,
			);
			buildRules = (
			);
			dependencies = (
			);
			name = HikeApp;
			productName = HikeApp;
			productReference = 91BDB3A52C25673000B70274 /* HikeApp.app */;
			productType = "com.apple.product-type.application";
		};
/* End PBXNativeTarget section */

/* Begin PBXProject section */
		91BDB39D2C25673000B70274 /* Project object */ = {
			isa = PBXProject;
			attributes = {
				BuildIndependentTargetsInParallel = 1;
				LastSwiftUpdateCheck = 1540;
				LastUpgradeCheck = 1540;
				TargetAttributes = {
					91BDB3A42C25673000B70274 = {
						CreatedOnToolsVersion = 15.4;
					};
				};
			};
			buildConfigurationList = 91BDB3A02C25673000B70274 /* Build configuration list for PBXProject "HikeApp" */;
			compatibilityVersion = "Xcode 14.0";
			developmentRegion = en;
			hasScannedForEncodings = 0;
			knownRegions = (
				en,
				Base,
			);
			mainGroup = 91BDB39C2C25673000B70274;
			productRefGroup = 91BDB3A62C25673000B70274 /* Products */;
			projectDirPath = "";
			projectRoot = "";
			targets = (
				91BDB3A42C25673000B70274 /* HikeApp */,
			);
		};
/* End PBXProject section */

/* Begin PBXResourcesBuildPhase section */
		91BDB3A32C25673000B70274 /* Resources */ = {
			isa = PBXResourcesBuildPhase;
			buildActionMask = 2147483647;
			files = (
				91BDB3B02C25673100B70274 /* Preview Assets.xcassets in Resources */,
				91BDB3AD2C25673100B70274 /* Assets.xcassets in Resources */,
			);
			runOnlyForDeploymentPostprocessing = 0;
		};
/* End PBXResourcesBuildPhase section */

/* Begin PBXSourcesBuildPhase section */
		91BDB3A12C25673000B70274 /* Sources */ = {
			isa = PBXSourcesBuildPhase;
			buildActionMask = 2147483647;
			files = (
				91BDB3AB2C25673000B70274 /* ContentView.swift in Sources */,
				91BDB3C32C26C3F800B70274 /* CustomCircleView.swift in Sources */,
				91BDB3CA2C26DDB800B70274 /* CustomListRowView.swift in Sources */,
				91BDB3B72C256F4500B70274 /* CardView.swift in Sources */,
				91BDB3A92C25673000B70274 /* HikeAppApp.swift in Sources */,
				91BDB3C82C26D4C500B70274 /* SettingsView.swift in Sources */,
				91BDB3BF2C25AB7600B70274 /* CustomButtonView.swift in Sources */,
				91BDB3C12C26A24E00B70274 /* GradientButtonStyle.swift in Sources */,
				91BDB3C52C26CA4100B70274 /* MotionAnimationView.swift in Sources */,
				91BDB3BA2C25728500B70274 /* CustomBackgroundView.swift in Sources */,
				91BDB3BD2C25759D00B70274 /* ColorExtension.swift in Sources */,
			);
			runOnlyForDeploymentPostprocessing = 0;
		};
/* End PBXSourcesBuildPhase section */

/* Begin XCBuildConfiguration section */
		91BDB3B12C25673100B70274 /* Debug */ = {
			isa = XCBuildConfiguration;
			buildSettings = {
				ALWAYS_SEARCH_USER_PATHS = NO;
				ASSETCATALOG_COMPILER_GENERATE_SWIFT_ASSET_SYMBOL_EXTENSIONS = YES;
				CLANG_ANALYZER_NONNULL = YES;
				CLANG_ANALYZER_NUMBER_OBJECT_CONVERSION = YES_AGGRESSIVE;
				CLANG_CXX_LANGUAGE_STANDARD = "gnu++20";
				CLANG_ENABLE_MODULES = YES;
				CLANG_ENABLE_OBJC_ARC = YES;
				CLANG_ENABLE_OBJC_WEAK = YES;
				CLANG_WARN_BLOCK_CAPTURE_AUTORELEASING = YES;
				CLANG_WARN_BOOL_CONVERSION = YES;
				CLANG_WARN_COMMA = YES;
				CLANG_WARN_CONSTANT_CONVERSION = YES;
				CLANG_WARN_DEPRECATED_OBJC_IMPLEMENTATIONS = YES;
				CLANG_WARN_DIRECT_OBJC_ISA_USAGE = YES_ERROR;
				CLANG_WARN_DOCUMENTATION_COMMENTS = YES;
				CLANG_WARN_EMPTY_BODY = YES;
				CLANG_WARN_ENUM_CONVERSION = YES;
				CLANG_WARN_INFINITE_RECURSION = YES;
				CLANG_WARN_INT_CONVERSION = YES;
				CLANG_WARN_NON_LITERAL_NULL_CONVERSION = YES;
				CLANG_WARN_OBJC_IMPLICIT_RETAIN_SELF = YES;
				CLANG_WARN_OBJC_LITERAL_CONVERSION = YES;
				CLANG_WARN_OBJC_ROOT_CLASS = YES_ERROR;
				CLANG_WARN_QUOTED_INCLUDE_IN_FRAMEWORK_HEADER = YES;
				CLANG_WARN_RANGE_LOOP_ANALYSIS = YES;
				CLANG_WARN_STRICT_PROTOTYPES = YES;
				CLANG_WARN_SUSPICIOUS_MOVE = YES;
				CLANG_WARN_UNGUARDED_AVAILABILITY = YES_AGGRESSIVE;
				CLANG_WARN_UNREACHABLE_CODE = YES;
				CLANG_WARN__DUPLICATE_METHOD_MATCH = YES;
				COPY_PHASE_STRIP = NO;
				DEBUG_INFORMATION_FORMAT = dwarf;
				ENABLE_STRICT_OBJC_MSGSEND = YES;
				ENABLE_TESTABILITY = YES;
				ENABLE_USER_SCRIPT_SANDBOXING = YES;
				GCC_C_LANGUAGE_STANDARD = gnu17;
				GCC_DYNAMIC_NO_PIC = NO;
				GCC_NO_COMMON_BLOCKS = YES;
				GCC_OPTIMIZATION_LEVEL = 0;
				GCC_PREPROCESSOR_DEFINITIONS = (
					"DEBUG=1",
					"$(inherited)",
				);
				GCC_WARN_64_TO_32_BIT_CONVERSION = YES;
				GCC_WARN_ABOUT_RETURN_TYPE = YES_ERROR;
				GCC_WARN_UNDECLARED_SELECTOR = YES;
				GCC_WARN_UNINITIALIZED_AUTOS = YES_AGGRESSIVE;
				GCC_WARN_UNUSED_FUNCTION = YES;
				GCC_WARN_UNUSED_VARIABLE = YES;
				IPHONEOS_DEPLOYMENT_TARGET = 17.5;
				LOCALIZATION_PREFERS_STRING_CATALOGS = YES;
				MTL_ENABLE_DEBUG_INFO = INCLUDE_SOURCE;
				MTL_FAST_MATH = YES;
				ONLY_ACTIVE_ARCH = YES;
				SDKROOT = iphoneos;
				SWIFT_ACTIVE_COMPILATION_CONDITIONS = "DEBUG $(inherited)";
				SWIFT_OPTIMIZATION_LEVEL = "-Onone";
			};
			name = Debug;
		};
		91BDB3B22C25673100B70274 /* Release */ = {
			isa = XCBuildConfiguration;
			buildSettings = {
				ALWAYS_SEARCH_USER_PATHS = NO;
				ASSETCATALOG_COMPILER_GENERATE_SWIFT_ASSET_SYMBOL_EXTENSIONS = YES;
				CLANG_ANALYZER_NONNULL = YES;
				CLANG_ANALYZER_NUMBER_OBJECT_CONVERSION = YES_AGGRESSIVE;
				CLANG_CXX_LANGUAGE_STANDARD = "gnu++20";
				CLANG_ENABLE_MODULES = YES;
				CLANG_ENABLE_OBJC_ARC = YES;
				CLANG_ENABLE_OBJC_WEAK = YES;
				CLANG_WARN_BLOCK_CAPTURE_AUTORELEASING = YES;
				CLANG_WARN_BOOL_CONVERSION = YES;
				CLANG_WARN_COMMA = YES;
				CLANG_WARN_CONSTANT_CONVERSION = YES;
				CLANG_WARN_DEPRECATED_OBJC_IMPLEMENTATIONS = YES;
				CLANG_WARN_DIRECT_OBJC_ISA_USAGE = YES_ERROR;
				CLANG_WARN_DOCUMENTATION_COMMENTS = YES;
				CLANG_WARN_EMPTY_BODY = YES;
				CLANG_WARN_ENUM_CONVERSION = YES;
				CLANG_WARN_INFINITE_RECURSION = YES;
				CLANG_WARN_INT_CONVERSION = YES;
				CLANG_WARN_NON_LITERAL_NULL_CONVERSION = YES;
				CLANG_WARN_OBJC_IMPLICIT_RETAIN_SELF = YES;
				CLANG_WARN_OBJC_LITERAL_CONVERSION = YES;
				CLANG_WARN_OBJC_ROOT_CLASS = YES_ERROR;
				CLANG_WARN_QUOTED_INCLUDE_IN_FRAMEWORK_HEADER = YES;
				CLANG_WARN_RANGE_LOOP_ANALYSIS = YES;
				CLANG_WARN_STRICT_PROTOTYPES = YES;
				CLANG_WARN_SUSPICIOUS_MOVE = YES;
				CLANG_WARN_UNGUARDED_AVAILABILITY = YES_AGGRESSIVE;
				CLANG_WARN_UNREACHABLE_CODE = YES;
				CLANG_WARN__DUPLICATE_METHOD_MATCH = YES;
				COPY_PHASE_STRIP = NO;
				DEBUG_INFORMATION_FORMAT = "dwarf-with-dsym";
				ENABLE_NS_ASSERTIONS = NO;
				ENABLE_STRICT_OBJC_MSGSEND = YES;
				ENABLE_USER_SCRIPT_SANDBOXING = YES;
				GCC_C_LANGUAGE_STANDARD = gnu17;
				GCC_NO_COMMON_BLOCKS = YES;
				GCC_WARN_64_TO_32_BIT_CONVERSION = YES;
				GCC_WARN_ABOUT_RETURN_TYPE = YES_ERROR;
				GCC_WARN_UNDECLARED_SELECTOR = YES;
				GCC_WARN_UNINITIALIZED_AUTOS = YES_AGGRESSIVE;
				GCC_WARN_UNUSED_FUNCTION = YES;
				GCC_WARN_UNUSED_VARIABLE = YES;
				IPHONEOS_DEPLOYMENT_TARGET = 17.5;
				LOCALIZATION_PREFERS_STRING_CATALOGS = YES;
				MTL_ENABLE_DEBUG_INFO = NO;
				MTL_FAST_MATH = YES;
				SDKROOT = iphoneos;
				SWIFT_COMPILATION_MODE = wholemodule;
				VALIDATE_PRODUCT = YES;
			};
			name = Release;
		};
		91BDB3B42C25673100B70274 /* Debug */ = {
			isa = XCBuildConfiguration;
			buildSettings = {
				ASSETCATALOG_COMPILER_ALTERNATE_APPICON_NAMES = "AppIcon-Backpack AppIcon-Campfire AppIcon-Camera AppIcon-MagnifyingGlass AppIcon-Map AppIcon-Mushroom";
				ASSETCATALOG_COMPILER_APPICON_NAME = AppIcon;
				ASSETCATALOG_COMPILER_GLOBAL_ACCENT_COLOR_NAME = AccentColor;
				ASSETCATALOG_COMPILER_INCLUDE_ALL_APPICON_ASSETS = YES;
				CODE_SIGN_STYLE = Automatic;
				CURRENT_PROJECT_VERSION = 1;
				DEVELOPMENT_ASSET_PATHS = "\"HikeApp/Preview Content\"";
				DEVELOPMENT_TEAM = RDA8KFD63R;
				ENABLE_PREVIEWS = YES;
				GENERATE_INFOPLIST_FILE = YES;
				INFOPLIST_KEY_UIApplicationSceneManifest_Generation = YES;
				INFOPLIST_KEY_UIApplicationSupportsIndirectInputEvents = YES;
				INFOPLIST_KEY_UILaunchScreen_Generation = YES;
				INFOPLIST_KEY_UISupportedInterfaceOrientations_iPad = "UIInterfaceOrientationPortrait UIInterfaceOrientationPortraitUpsideDown UIInterfaceOrientationLandscapeLeft UIInterfaceOrientationLandscapeRight";
				INFOPLIST_KEY_UISupportedInterfaceOrientations_iPhone = "UIInterfaceOrientationPortrait UIInterfaceOrientationLandscapeLeft UIInterfaceOrientationLandscapeRight";
				LD_RUNPATH_SEARCH_PATHS = (
					"$(inherited)",
					"@executable_path/Frameworks",
				);
				MARKETING_VERSION = 1.0;
				PRODUCT_BUNDLE_IDENTIFIER = com.academy.HikeApp;
				PRODUCT_NAME = "$(TARGET_NAME)";
				SWIFT_EMIT_LOC_STRINGS = YES;
				SWIFT_VERSION = 5.0;
				TARGETED_DEVICE_FAMILY = "1,2";
			};
			name = Debug;
		};
		91BDB3B52C25673100B70274 /* Release */ = {
			isa = XCBuildConfiguration;
			buildSettings = {
				ASSETCATALOG_COMPILER_ALTERNATE_APPICON_NAMES = "AppIcon-Backpack AppIcon-Campfire AppIcon-Camera AppIcon-MagnifyingGlass AppIcon-Map AppIcon-Mushroom";
				ASSETCATALOG_COMPILER_APPICON_NAME = AppIcon;
				ASSETCATALOG_COMPILER_GLOBAL_ACCENT_COLOR_NAME = AccentColor;
				ASSETCATALOG_COMPILER_INCLUDE_ALL_APPICON_ASSETS = YES;
				CODE_SIGN_STYLE = Automatic;
				CURRENT_PROJECT_VERSION = 1;
				DEVELOPMENT_ASSET_PATHS = "\"HikeApp/Preview Content\"";
				DEVELOPMENT_TEAM = RDA8KFD63R;
				ENABLE_PREVIEWS = YES;
				GENERATE_INFOPLIST_FILE = YES;
				INFOPLIST_KEY_UIApplicationSceneManifest_Generation = YES;
				INFOPLIST_KEY_UIApplicationSupportsIndirectInputEvents = YES;
				INFOPLIST_KEY_UILaunchScreen_Generation = YES;
				INFOPLIST_KEY_UISupportedInterfaceOrientations_iPad = "UIInterfaceOrientationPortrait UIInterfaceOrientationPortraitUpsideDown UIInterfaceOrientationLandscapeLeft UIInterfaceOrientationLandscapeRight";
				INFOPLIST_KEY_UISupportedInterfaceOrientations_iPhone = "UIInterfaceOrientationPortrait UIInterfaceOrientationLandscapeLeft UIInterfaceOrientationLandscapeRight";
				LD_RUNPATH_SEARCH_PATHS = (
					"$(inherited)",
					"@executable_path/Frameworks",
				);
				MARKETING_VERSION = 1.0;
				PRODUCT_BUNDLE_IDENTIFIER = com.academy.HikeApp;
				PRODUCT_NAME = "$(TARGET_NAME)";
				SWIFT_EMIT_LOC_STRINGS = YES;
				SWIFT_VERSION = 5.0;
				TARGETED_DEVICE_FAMILY = "1,2";
			};
			name = Release;
		};
/* End XCBuildConfiguration section */

/* Begin XCConfigurationList section */
		91BDB3A02C25673000B70274 /* Build configuration list for PBXProject "HikeApp" */ = {
			isa = XCConfigurationList;
			buildConfigurations = (
				91BDB3B12C25673100B70274 /* Debug */,
				91BDB3B22C25673100B70274 /* Release */,
			);
			defaultConfigurationIsVisible = 0;
			defaultConfigurationName = Release;
		};
		91BDB3B32C25673100B70274 /* Build configuration list for PBXNativeTarget "HikeApp" */ = {
			isa = XCConfigurationList;
			buildConfigurations = (
				91BDB3B42C25673100B70274 /* Debug */,
				91BDB3B52C25673100B70274 /* Release */,
			);
			defaultConfigurationIsVisible = 0;
			defaultConfigurationName = Release;
		};
/* End XCConfigurationList section */
	};
	rootObject = 91BDB39D2C25673000B70274 /* Project object */;
}
